
Microsoft Visual Studio Solution File, Format Version 12.00
# Visual Studio 15
VisualStudioVersion = 15.0.27703.2035
MinimumVisualStudioVersion = 10.0.40219.1
Project("{2150E333-8FDC-42A3-9474-1A3956D46DE8}") = "BackEnd", "BackEnd", "{4B155F69-6E59-43E0-BA4B-108B58C7F79A}"
EndProject
Project("{2150E333-8FDC-42A3-9474-1A3956D46DE8}") = "FrontEnd", "FrontEnd", "{5FD7A09E-0925-4416-B2A3-178B78531A6C}"
EndProject
Project("{2150E333-8FDC-42A3-9474-1A3956D46DE8}") = "Entities", "Entities", "{D9AA322A-14F4-4692-8C03-F7AD6798B494}"
EndProject
Project("{2150E333-8FDC-42A3-9474-1A3956D46DE8}") = "Data", "Data", "{892C2C1E-318F-4CB6-91B5-E7B5571959E7}"
EndProject
Project("{2150E333-8FDC-42A3-9474-1A3956D46DE8}") = "Common", "Common", "{FD580822-79BF-4E15-A11E-6AD62C0B9EA0}"
EndProject
Project("{2150E333-8FDC-42A3-9474-1A3956D46DE8}") = "Business", "Business", "{4266C565-EB3A-461A-9C82-3244ACFA714F}"
EndProject
Project("{FAE04EC0-301F-11D3-BF4B-00C04F79EFBC}") = "Oiga.Technologies.Data.Entities", "Oiga.Technologies.Data.Entities\Oiga.Technologies.Data.Entities.csproj", "{C8DEBEEF-8F0A-4F6E-9E6A-7D9C1B759D37}"
EndProject
Project("{FAE04EC0-301F-11D3-BF4B-00C04F79EFBC}") = "Oiga.Technologies.Data.Model", "Oiga.Technologies.Data.Model\Oiga.Technologies.Data.Model.csproj", "{C86BAFF8-A4D8-496A-A98E-BABE97AF1A77}"
EndProject
Project("{FAE04EC0-301F-11D3-BF4B-00C04F79EFBC}") = "Oiga.Technologies.Module.Commons", "Oiga.Technologies.Module.Commons\Oiga.Technologies.Module.Commons.csproj", "{2D0B524F-68AE-456A-8BF8-7C3965DFF7D6}"
EndProject
Project("{FAE04EC0-301F-11D3-BF4B-00C04F79EFBC}") = "Oiga.Technologies.Data.Business", "Oiga.Technologies.Data.Business\Oiga.Technologies.Data.Business.csproj", "{21CB8CBD-0078-4004-BF13-0CA7B761E93A}"
EndProject
Project("{FAE04EC0-301F-11D3-BF4B-00C04F79EFBC}") = "Oiga.Technologies.Data.Entities.DTO", "Oiga.Technologies.Data.Entities.DTO\Oiga.Technologies.Data.Entities.DTO.csproj", "{8E71ED4B-4980-4F76-8703-DE6B1D32D5F6}"
EndProject
Project("{2150E333-8FDC-42A3-9474-1A3956D46DE8}") = "API", "API", "{850FC232-371C-48BD-9878-1329C2AF7B26}"
EndProject
Project("{FAE04EC0-301F-11D3-BF4B-00C04F79EFBC}") = "Oiga.Technologies.Web", "Oiga.Technologies.Web\Oiga.Technologies.Web.csproj", "{40A71511-59B1-443B-9C96-37D13270D9EF}"
EndProject
Global
	GlobalSection(SolutionConfigurationPlatforms) = preSolution
		Debug|Any CPU = Debug|Any CPU
		Release|Any CPU = Release|Any CPU
	EndGlobalSection
	GlobalSection(ProjectConfigurationPlatforms) = postSolution
		{C8DEBEEF-8F0A-4F6E-9E6A-7D9C1B759D37}.Debug|Any CPU.ActiveCfg = Debug|Any CPU
		{C8DEBEEF-8F0A-4F6E-9E6A-7D9C1B759D37}.Debug|Any CPU.Build.0 = Debug|Any CPU
		{C8DEBEEF-8F0A-4F6E-9E6A-7D9C1B759D37}.Release|Any CPU.ActiveCfg = Release|Any CPU
		{C8DEBEEF-8F0A-4F6E-9E6A-7D9C1B759D37}.Release|Any CPU.Build.0 = Release|Any CPU
		{C86BAFF8-A4D8-496A-A98E-BABE97AF1A77}.Debug|Any CPU.ActiveCfg = Debug|Any CPU
		{C86BAFF8-A4D8-496A-A98E-BABE97AF1A77}.Debug|Any CPU.Build.0 = Debug|Any CPU
		{C86BAFF8-A4D8-496A-A98E-BABE97AF1A77}.Release|Any CPU.ActiveCfg = Release|Any CPU
		{C86BAFF8-A4D8-496A-A98E-BABE97AF1A77}.Release|Any CPU.Build.0 = Release|Any CPU
		{2D0B524F-68AE-456A-8BF8-7C3965DFF7D6}.Debug|Any CPU.ActiveCfg = Debug|Any CPU
		{2D0B524F-68AE-456A-8BF8-7C3965DFF7D6}.Debug|Any CPU.Build.0 = Debug|Any CPU
		{2D0B524F-68AE-456A-8BF8-7C3965DFF7D6}.Release|Any CPU.ActiveCfg = Release|Any CPU
		{2D0B524F-68AE-456A-8BF8-7C3965DFF7D6}.Release|Any CPU.Build.0 = Release|Any CPU
		{21CB8CBD-0078-4004-BF13-0CA7B761E93A}.Debug|Any CPU.ActiveCfg = Debug|Any CPU
		{21CB8CBD-0078-4004-BF13-0CA7B761E93A}.Debug|Any CPU.Build.0 = Debug|Any CPU
		{21CB8CBD-0078-4004-BF13-0CA7B761E93A}.Release|Any CPU.ActiveCfg = Release|Any CPU
		{21CB8CBD-0078-4004-BF13-0CA7B761E93A}.Release|Any CPU.Build.0 = Release|Any CPU
		{8E71ED4B-4980-4F76-8703-DE6B1D32D5F6}.Debug|Any CPU.ActiveCfg = Debug|Any CPU
		{8E71ED4B-4980-4F76-8703-DE6B1D32D5F6}.Debug|Any CPU.Build.0 = Debug|Any CPU
		{8E71ED4B-4980-4F76-8703-DE6B1D32D5F6}.Release|Any CPU.ActiveCfg = Release|Any CPU
		{8E71ED4B-4980-4F76-8703-DE6B1D32D5F6}.Release|Any CPU.Build.0 = Release|Any CPU
		{40A71511-59B1-443B-9C96-37D13270D9EF}.Debug|Any CPU.ActiveCfg = Debug|Any CPU
		{40A71511-59B1-443B-9C96-37D13270D9EF}.Debug|Any CPU.Build.0 = Debug|Any CPU
		{40A71511-59B1-443B-9C96-37D13270D9EF}.Release|Any CPU.ActiveCfg = Release|Any CPU
		{40A71511-59B1-443B-9C96-37D13270D9EF}.Release|Any CPU.Build.0 = Release|Any CPU
	EndGlobalSection
	GlobalSection(SolutionProperties) = preSolution
		HideSolutionNode = FALSE
	EndGlobalSection
	GlobalSection(NestedProjects) = preSolution
		{D9AA322A-14F4-4692-8C03-F7AD6798B494} = {4B155F69-6E59-43E0-BA4B-108B58C7F79A}
		{892C2C1E-318F-4CB6-91B5-E7B5571959E7} = {4B155F69-6E59-43E0-BA4B-108B58C7F79A}
		{FD580822-79BF-4E15-A11E-6AD62C0B9EA0} = {4B155F69-6E59-43E0-BA4B-108B58C7F79A}
		{4266C565-EB3A-461A-9C82-3244ACFA714F} = {4B155F69-6E59-43E0-BA4B-108B58C7F79A}
		{C8DEBEEF-8F0A-4F6E-9E6A-7D9C1B759D37} = {D9AA322A-14F4-4692-8C03-F7AD6798B494}
		{C86BAFF8-A4D8-496A-A98E-BABE97AF1A77} = {892C2C1E-318F-4CB6-91B5-E7B5571959E7}
		{2D0B524F-68AE-456A-8BF8-7C3965DFF7D6} = {FD580822-79BF-4E15-A11E-6AD62C0B9EA0}
		{21CB8CBD-0078-4004-BF13-0CA7B761E93A} = {4266C565-EB3A-461A-9C82-3244ACFA714F}
		{8E71ED4B-4980-4F76-8703-DE6B1D32D5F6} = {D9AA322A-14F4-4692-8C03-F7AD6798B494}
		{850FC232-371C-48BD-9878-1329C2AF7B26} = {5FD7A09E-0925-4416-B2A3-178B78531A6C}
		{40A71511-59B1-443B-9C96-37D13270D9EF} = {850FC232-371C-48BD-9878-1329C2AF7B26}
	EndGlobalSection
	GlobalSection(ExtensibilityGlobals) = postSolution
		SolutionGuid = {DC9A1492-B776-4096-A0CF-67BEEFE7C350}
	EndGlobalSection
EndGlobal
